{
  "name": "c458b65438bd4234",
  "lockfileVersion": 3,
  "requires": true,
  "packages": {
    "": {
      "dependencies": {
        "create-qwik": "^1.19.2"
      }
    },
    "node_modules/create-qwik": {
      "version": "1.19.2",
      "resolved": "https://registry.npmjs.org/create-qwik/-/create-qwik-1.19.2.tgz",
      "integrity": "sha512-/TL23eg15ZV1H06hbKkkH8wQt15KXO+1VYje24leX14L94g7ZHrBe5YykM5pN1kIMqoG6py0cMqwA/DFBRgtKg==",
      "bin": {
        "create-qwik": "create-qwik.cjs"
      },
      "engines": {
        "node": "^18.17.0 || ^20.3.0 || >=21.0.0",
        "npm": ">=10.0.0",
        "pnpm": ">=8.0.0",
        "yarn": ">=3.0.0"
      }
    }
  }
}
